
Microsoft Visual Studio Solution File, Format Version 12.00
# Visual Studio Version 16
VisualStudioVersion = 16.0.30717.126
MinimumVisualStudioVersion = 10.0.40219.1
Project("{FAE04EC0-301F-11D3-BF4B-00C04F79EFBC}") = "Autos.Web", "Autos.Web\Autos.Web.csproj", "{DE7B3A81-D561-4521-92B9-6C4931978B5F}"
EndProject
Project("{FAE04EC0-301F-11D3-BF4B-00C04F79EFBC}") = "Autos.Common", "Autos.Common\Autos.Common.csproj", "{4ABFBA1F-D1D3-4BD0-A25D-C2C8BD75797E}"
EndProject
Global
	GlobalSection(SolutionConfigurationPlatforms) = preSolution
		Debug|Any CPU = Debug|Any CPU
		Release|Any CPU = Release|Any CPU
	EndGlobalSection
	GlobalSection(ProjectConfigurationPlatforms) = postSolution
		{DE7B3A81-D561-4521-92B9-6C4931978B5F}.Debug|Any CPU.ActiveCfg = Debug|Any CPU
		{DE7B3A81-D561-4521-92B9-6C4931978B5F}.Debug|Any CPU.Build.0 = Debug|Any CPU
		{DE7B3A81-D561-4521-92B9-6C4931978B5F}.Release|Any CPU.ActiveCfg = Release|Any CPU
		{DE7B3A81-D561-4521-92B9-6C4931978B5F}.Release|Any CPU.Build.0 = Release|Any CPU
		{4ABFBA1F-D1D3-4BD0-A25D-C2C8BD75797E}.Debug|Any CPU.ActiveCfg = Debug|Any CPU
		{4ABFBA1F-D1D3-4BD0-A25D-C2C8BD75797E}.Debug|Any CPU.Build.0 = Debug|Any CPU
		{4ABFBA1F-D1D3-4BD0-A25D-C2C8BD75797E}.Release|Any CPU.ActiveCfg = Release|Any CPU
		{4ABFBA1F-D1D3-4BD0-A25D-C2C8BD75797E}.Release|Any CPU.Build.0 = Release|Any CPU
	EndGlobalSection
	GlobalSection(SolutionProperties) = preSolution
		HideSolutionNode = FALSE
	EndGlobalSection
	GlobalSection(ExtensibilityGlobals) = postSolution
		SolutionGuid = {AFAD6E43-E90A-4611-914F-3CA45F55F9CE}
	EndGlobalSection
EndGlobal
